<?xml version="1.0" encoding="utf-8"?>
<Project ToolsVersion="4.0" xmlns="http://schemas.microsoft.com/developer/msbuild/2003">
  <ItemGroup>
    <Filter Include="GeneticCars">
      <UniqueIdentifier>{df5cd6fe-edc7-42ff-8430-4f0d3dd11bbc}</UniqueIdentifier>
    </Filter>
    <Filter Include="GeneticCars\Model">
      <UniqueIdentifier>{de4f40d1-112d-4835-9a0d-c28fea9326d6}</UniqueIdentifier>
    </Filter>
    <Filter Include="GeneticCars\View">
      <UniqueIdentifier>{546b8f0e-f882-49a8-98a7-76ec3a729803}</UniqueIdentifier>
    </Filter>
    <Filter Include="GeneticCars\Controller">
      <UniqueIdentifier>{67c2edad-c4a1-48e7-9e85-e8312dce621f}</UniqueIdentifier>
    </Filter>
    <Filter Include="GeneticCars\Main">
      <UniqueIdentifier>{a674168e-f9fb-4c4a-a544-ddb8714e9bd0}</UniqueIdentifier>
    </Filter>
    <Filter Include="GeneticCars\Controller\Header Files">
      <UniqueIdentifier>{1a04e188-d793-4d7d-9769-b0465d2f8d03}</UniqueIdentifier>
    </Filter>
    <Filter Include="GeneticCars\Controller\Source Files">
      <UniqueIdentifier>{e23fe0e3-b2dd-4dec-8eea-2adae07b5ecc}</UniqueIdentifier>
    </Filter>
    <Filter Include="GeneticCars\Tests">
      <UniqueIdentifier>{98bd6a27-e6a9-46d8-9834-de4625e64b50}</UniqueIdentifier>
    </Filter>
    <Filter Include="GeneticCars\View\AppWindows">
      <UniqueIdentifier>{13534c66-7c22-4338-9e3e-94b5a20b234d}</UniqueIdentifier>
    </Filter>
    <Filter Include="GeneticCars\Model\Service">
      <UniqueIdentifier>{e1ad427f-9545-41dc-935d-55cfadafea7d}</UniqueIdentifier>
    </Filter>
    <Filter Include="GeneticCars\Model\Service\Managers">
      <UniqueIdentifier>{89fdc7a2-e9a8-4d3d-8ca3-b59f44e31bbb}</UniqueIdentifier>
    </Filter>
    <Filter Include="GeneticCars\SupportFiles">
      <UniqueIdentifier>{6f6a2cd2-b1ff-42f7-bbc6-9b025c91491f}</UniqueIdentifier>
    </Filter>
    <Filter Include="GeneticCars\Model\Data">
      <UniqueIdentifier>{ff1716bf-ad86-493f-8c7b-25db6d620498}</UniqueIdentifier>
    </Filter>
    <Filter Include="GeneticCars\Model\Data\Car">
      <UniqueIdentifier>{8ddc0a91-de04-43fe-9fc3-48958c849d9f}</UniqueIdentifier>
    </Filter>
    <Filter Include="GeneticCars\Model\Data\Chromosome">
      <UniqueIdentifier>{22246100-4ba5-46b9-8ceb-6050f82c874e}</UniqueIdentifier>
    </Filter>
    <Filter Include="GeneticCars\Model\Data\BodyShape">
      <UniqueIdentifier>{8b2a5c67-ad9a-47b4-ae2c-3f9bfb2574e5}</UniqueIdentifier>
    </Filter>
    <Filter Include="GeneticCars\Model\Data\ShapePoint">
      <UniqueIdentifier>{c7ef4601-1eb8-40ac-ba47-bcfd8817c3ad}</UniqueIdentifier>
    </Filter>
    <Filter Include="GeneticCars\Model\Data\Wheel">
      <UniqueIdentifier>{c95daff4-d8ae-408e-9768-7ad06a44bdcc}</UniqueIdentifier>
    </Filter>
    <Filter Include="GeneticCars\Model\EvolutionaryAlgorithm">
      <UniqueIdentifier>{c4c8e2fb-fe7e-453c-bee0-3f0beef7cc76}</UniqueIdentifier>
    </Filter>
    <Filter Include="GeneticCars\Model\EvolutionaryAlgorithm\PopulationManager">
      <UniqueIdentifier>{42939a32-9761-4472-8451-a88b512378a5}</UniqueIdentifier>
    </Filter>
    <Filter Include="GeneticCars\Model\EvolutionaryAlgorithm\EvolutionaryService">
      <UniqueIdentifier>{d8d0ba1b-0302-40dd-9664-cd44652fe039}</UniqueIdentifier>
    </Filter>
    <Filter Include="GeneticCars\Model\Physical engine">
      <UniqueIdentifier>{7c24cd30-78fe-43b7-9a98-5fc2542e430c}</UniqueIdentifier>
    </Filter>
    <Filter Include="GeneticCars\Model\Physical engine\Wheel_ph">
      <UniqueIdentifier>{a89e27b5-93a1-44df-909a-1e331f327f5d}</UniqueIdentifier>
    </Filter>
    <Filter Include="GeneticCars\Model\Physical engine\BodyShape_ph">
      <UniqueIdentifier>{3a94d857-1a4b-48f4-95d4-c0f83bdcc7b2}</UniqueIdentifier>
    </Filter>
    <Filter Include="GeneticCars\Model\Physical engine\Car_ph">
      <UniqueIdentifier>{9740dcd6-9fa5-4f4c-8598-d28b94a0242c}</UniqueIdentifier>
    </Filter>
    <Filter Include="GeneticCars\Model\Physical engine\Track_ph">
      <UniqueIdentifier>{950aeeb1-c975-4341-b07d-d9633e2f6679}</UniqueIdentifier>
    </Filter>
    <Filter Include="GeneticCars\Model\Physical engine\Const">
      <UniqueIdentifier>{15171c17-14f6-41f9-9bde-bc9f4d5f70dc}</UniqueIdentifier>
    </Filter>
    <Filter Include="GeneticCars\View\Drawing">
      <UniqueIdentifier>{0b4f6077-3b55-49c2-8a36-a7a1619ddd11}</UniqueIdentifier>
    </Filter>
    <Filter Include="GeneticCars\Model\Physical engine\Simulation">
      <UniqueIdentifier>{ea79ee86-b08e-4390-a29c-a98959f03903}</UniqueIdentifier>
    </Filter>
    <Filter Include="GeneticCars\Model\Physical engine\Element_ph">
      <UniqueIdentifier>{d66208a5-f807-4ca3-b726-d71d73b89586}</UniqueIdentifier>
    </Filter>
    <Filter Include="GeneticCars\Model\Physical engine\World_ph">
      <UniqueIdentifier>{47496029-2d33-4593-a463-179614c82749}</UniqueIdentifier>
    </Filter>
    <Filter Include="GeneticCars\Model\EvolutionaryAlgorithm\IndividualService">
      <UniqueIdentifier>{dea60e4c-3009-463b-a58b-0918ae06fc8f}</UniqueIdentifier>
    </Filter>
    <Filter Include="GeneticCars\Model\Data\CarConst">
      <UniqueIdentifier>{1d4887b3-245f-4e35-801b-96c19343a90f}</UniqueIdentifier>
    </Filter>
    <Filter Include="GeneticCars\Model\EvolutionaryAlgorithm\EvolutionaryConst">
      <UniqueIdentifier>{16604266-a130-45b2-8f8a-91fadc07a9cc}</UniqueIdentifier>
    </Filter>
    <Filter Include="GeneticCars\Model\EvolutionaryAlgorithm\RandomService">
      <UniqueIdentifier>{05b29b35-16c5-4dca-bfef-a38596bf97d1}</UniqueIdentifier>
    </Filter>
  </ItemGroup>
  <ItemGroup>
    <ClCompile Include="Chromosome.cpp">
      <Filter>GeneticCars\Model\Data\Chromosome</Filter>
    </ClCompile>
    <ClCompile Include="Car.cpp">
      <Filter>GeneticCars\Model\Data\Car</Filter>
    </ClCompile>
    <ClCompile Include="BodyShape.cpp">
      <Filter>GeneticCars\Model\Data\BodyShape</Filter>
    </ClCompile>
    <ClCompile Include="Wheel.cpp">
      <Filter>GeneticCars\Model\Data\Wheel</Filter>
    </ClCompile>
    <ClCompile Include="main.cpp">
      <Filter>GeneticCars\Main</Filter>
    </ClCompile>
    <ClCompile Include="PopulationManager.cpp">
      <Filter>GeneticCars\Model\EvolutionaryAlgorithm\PopulationManager</Filter>
    </ClCompile>
    <ClCompile Include="EvolutionaryService.cpp">
      <Filter>GeneticCars\Model\EvolutionaryAlgorithm\EvolutionaryService</Filter>
    </ClCompile>
    <ClCompile Include="Wheel_ph.cpp">
      <Filter>GeneticCars\Model\Physical engine\Wheel_ph</Filter>
    </ClCompile>
    <ClCompile Include="Car_ph.cpp">
      <Filter>GeneticCars\Model\Physical engine\Car_ph</Filter>
    </ClCompile>
    <ClCompile Include="BodyShape_ph.cpp">
      <Filter>GeneticCars\Model\Physical engine\BodyShape_ph</Filter>
    </ClCompile>
    <ClCompile Include="Track_ph.cpp">
      <Filter>GeneticCars\Model\Physical engine\Track_ph</Filter>
    </ClCompile>
    <ClCompile Include="Drawing.cpp">
      <Filter>GeneticCars\View\Drawing</Filter>
    </ClCompile>
    <ClCompile Include="Simulation.cpp">
      <Filter>GeneticCars\Model\Physical engine\Simulation</Filter>
    </ClCompile>
    <ClCompile Include="ShapePoint.cpp">
      <Filter>GeneticCars\Model\Data\ShapePoint</Filter>
    </ClCompile>
    <ClCompile Include="const.cpp">
      <Filter>GeneticCars\Model\Physical engine\Const</Filter>
    </ClCompile>
    <ClCompile Include="Element_ph.cpp">
      <Filter>GeneticCars\Model\Physical engine\Element_ph</Filter>
    </ClCompile>
    <ClCompile Include="World_ph.cpp">
      <Filter>GeneticCars\Model\Physical engine\World_ph</Filter>
    </ClCompile>
    <ClCompile Include="IndividualService.cpp">
      <Filter>GeneticCars\Model\EvolutionaryAlgorithm\IndividualService</Filter>
    </ClCompile>
    <ClCompile Include="RandomService.cpp">
      <Filter>GeneticCars\Model\EvolutionaryAlgorithm\RandomService</Filter>
    </ClCompile>
  </ItemGroup>
  <ItemGroup>
    <ClInclude Include="Chromosome.h">
      <Filter>GeneticCars\Model\Data\Chromosome</Filter>
    </ClInclude>
    <ClInclude Include="Car.h">
      <Filter>GeneticCars\Model\Data\Car</Filter>
    </ClInclude>
    <ClInclude Include="ShapePoint.h">
      <Filter>GeneticCars\Model\Data\ShapePoint</Filter>
    </ClInclude>
    <ClInclude Include="BodyShape.h">
      <Filter>GeneticCars\Model\Data\BodyShape</Filter>
    </ClInclude>
    <ClInclude Include="Wheel.h">
      <Filter>GeneticCars\Model\Data\Wheel</Filter>
    </ClInclude>
    <ClInclude Include="PopulationManager.h">
      <Filter>GeneticCars\Model\EvolutionaryAlgorithm\PopulationManager</Filter>
    </ClInclude>
    <ClInclude Include="EvolutionaryService.h">
      <Filter>GeneticCars\Model\EvolutionaryAlgorithm\EvolutionaryService</Filter>
    </ClInclude>
    <ClInclude Include="Wheel_ph.h">
      <Filter>GeneticCars\Model\Physical engine\Wheel_ph</Filter>
    </ClInclude>
    <ClInclude Include="Car_ph.h">
      <Filter>GeneticCars\Model\Physical engine\Car_ph</Filter>
    </ClInclude>
    <ClInclude Include="BodyShape_ph.h">
      <Filter>GeneticCars\Model\Physical engine\BodyShape_ph</Filter>
    </ClInclude>
    <ClInclude Include="const.h">
      <Filter>GeneticCars\Model\Physical engine\Const</Filter>
    </ClInclude>
    <ClInclude Include="Track_ph.h">
      <Filter>GeneticCars\Model\Physical engine\Track_ph</Filter>
    </ClInclude>
    <ClInclude Include="Drawing.h">
      <Filter>GeneticCars\View\Drawing</Filter>
    </ClInclude>
    <ClInclude Include="Simulation.h">
      <Filter>GeneticCars\Model\Physical engine\Simulation</Filter>
    </ClInclude>
    <ClInclude Include="Element_ph.h">
      <Filter>GeneticCars\Model\Physical engine\Element_ph</Filter>
    </ClInclude>
    <ClInclude Include="World_ph.h">
      <Filter>GeneticCars\Model\Physical engine\World_ph</Filter>
    </ClInclude>
    <ClInclude Include="IndividualService.h">
      <Filter>GeneticCars\Model\EvolutionaryAlgorithm\IndividualService</Filter>
    </ClInclude>
    <ClInclude Include="CarConst.h">
      <Filter>GeneticCars\Model\Data\CarConst</Filter>
    </ClInclude>
    <ClInclude Include="EvolutionaryConst.h">
      <Filter>GeneticCars\Model\EvolutionaryAlgorithm\EvolutionaryConst</Filter>
    </ClInclude>
    <ClInclude Include="RandomService.h">
      <Filter>GeneticCars\Model\EvolutionaryAlgorithm\RandomService</Filter>
    </ClInclude>
  </ItemGroup>
</Project>